// !$*UTF8*$!
{
	archiveVersion = 1;
	classes = {
	};
	objectVersion = 46;
	objects = {

/* Begin PBXBuildFile section */
		931F3FAB1EC6F38600E95A99 /* AppDelegate.swift in Sources */ = {isa = PBXBuildFile; fileRef = 931F3FAA1EC6F38600E95A99 /* AppDelegate.swift */; };
		931F3FAD1EC6F38600E95A99 /* ViewController.swift in Sources */ = {isa = PBXBuildFile; fileRef = 931F3FAC1EC6F38600E95A99 /* ViewController.swift */; };
		931F3FB01EC6F38600E95A99 /* Main.storyboard in Resources */ = {isa = PBXBuildFile; fileRef = 931F3FAE1EC6F38600E95A99 /* Main.storyboard */; };
		931F3FB21EC6F38600E95A99 /* Assets.xcassets in Resources */ = {isa = PBXBuildFile; fileRef = 931F3FB11EC6F38600E95A99 /* Assets.xcassets */; };
		931F3FB51EC6F38600E95A99 /* LaunchScreen.storyboard in Resources */ = {isa = PBXBuildFile; fileRef = 931F3FB31EC6F38600E95A99 /* LaunchScreen.storyboard */; };
		931F3FBD1EC71F4300E95A99 /* DefinitionViewController.swift in Sources */ = {isa = PBXBuildFile; fileRef = 931F3FBC1EC71F4300E95A99 /* DefinitionViewController.swift */; };
		931F3FC11EC852E500E95A99 /* Emoji Dictionary with Class.swift in Sources */ = {isa = PBXBuildFile; fileRef = 931F3FC01EC852E500E95A99 /* Emoji Dictionary with Class.swift */; };
/* End PBXBuildFile section */

/* Begin PBXFileReference section */
		931F3FA71EC6F38600E95A99 /* Lesson 4 Table View Emoji Dictionary.app */ = {isa = PBXFileReference; explicitFileType = wrapper.application; includeInIndex = 0; path = "Lesson 4 Table View Emoji Dictionary.app"; sourceTree = BUILT_PRODUCTS_DIR; };
		931F3FAA1EC6F38600E95A99 /* AppDelegate.swift */ = {isa = PBXFileReference; lastKnownFileType = sourcecode.swift; path = AppDelegate.swift; sourceTree = "<group>"; };
		931F3FAC1EC6F38600E95A99 /* ViewController.swift */ = {isa = PBXFileReference; lastKnownFileType = sourcecode.swift; path = ViewController.swift; sourceTree = "<group>"; };
		931F3FAF1EC6F38600E95A99 /* Base */ = {isa = PBXFileReference; lastKnownFileType = file.storyboard; name = Base; path = Base.lproj/Main.storyboard; sourceTree = "<group>"; };
		931F3FB11EC6F38600E95A99 /* Assets.xcassets */ = {isa = PBXFileReference; lastKnownFileType = folder.assetcatalog; path = Assets.xcassets; sourceTree = "<group>"; };
		931F3FB41EC6F38600E95A99 /* Base */ = {isa = PBXFileReference; lastKnownFileType = file.storyboard; name = Base; path = Base.lproj/LaunchScreen.storyboard; sourceTree = "<group>"; };
		931F3FB61EC6F38600E95A99 /* Info.plist */ = {isa = PBXFileReference; lastKnownFileType = text.plist.xml; path = Info.plist; sourceTree = "<group>"; };
		931F3FBC1EC71F4300E95A99 /* DefinitionViewController.swift */ = {isa = PBXFileReference; fileEncoding = 4; lastKnownFileType = sourcecode.swift; path = DefinitionViewController.swift; sourceTree = "<group>"; };
		931F3FC01EC852E500E95A99 /* Emoji Dictionary with Class.swift */ = {isa = PBXFileReference; fileEncoding = 4; lastKnownFileType = sourcecode.swift; path = "Emoji Dictionary with Class.swift"; sourceTree = "<group>"; };
/* End PBXFileReference section */

/* Begin PBXFrameworksBuildPhase section */
		931F3FA41EC6F38600E95A99 /* Frameworks */ = {
			isa = PBXFrameworksBuildPhase;
			buildActionMask = 2147483647;
			files = (
			);
			runOnlyForDeploymentPostprocessing = 0;
		};
/* End PBXFrameworksBuildPhase section */

/* Begin PBXGroup section */
		931F3F9E1EC6F38500E95A99 = {
			isa = PBXGroup;
			children = (
				931F3FA91EC6F38600E95A99 /* Lesson 4 Table View Emoji Dictionary */,
				931F3FA81EC6F38600E95A99 /* Products */,
			);
			sourceTree = "<group>";
		};
		931F3FA81EC6F38600E95A99 /* Products */ = {
			isa = PBXGroup;
			children = (
				931F3FA71EC6F38600E95A99 /* Lesson 4 Table View Emoji Dictionary.app */,
			);
			name = Products;
			sourceTree = "<group>";
		};
		931F3FA91EC6F38600E95A99 /* Lesson 4 Table View Emoji Dictionary */ = {
			isa = PBXGroup;
			children = (
				931F3FAA1EC6F38600E95A99 /* AppDelegate.swift */,
				931F3FAC1EC6F38600E95A99 /* ViewController.swift */,
				931F3FBC1EC71F4300E95A99 /* DefinitionViewController.swift */,
				931F3FAE1EC6F38600E95A99 /* Main.storyboard */,
				931F3FC01EC852E500E95A99 /* Emoji Dictionary with Class.swift */,
				931F3FB11EC6F38600E95A99 /* Assets.xcassets */,
				931F3FB31EC6F38600E95A99 /* LaunchScreen.storyboard */,
				931F3FB61EC6F38600E95A99 /* Info.plist */,
			);
			path = "Lesson 4 Table View Emoji Dictionary";
			sourceTree = "<group>";
		};
/* End PBXGroup section */

/* Begin PBXNativeTarget section */
		931F3FA61EC6F38600E95A99 /* Lesson 4 Table View Emoji Dictionary */ = {
			isa = PBXNativeTarget;
			buildConfigurationList = 931F3FB91EC6F38600E95A99 /* Build configuration list for PBXNativeTarget "Lesson 4 Table View Emoji Dictionary" */;
			buildPhases = (
				931F3FA31EC6F38600E95A99 /* Sources */,
				931F3FA41EC6F38600E95A99 /* Frameworks */,
				931F3FA51EC6F38600E95A99 /* Resources */,
			);
			buildRules = (
			);
			dependencies = (
			);
			name = "Lesson 4 Table View Emoji Dictionary";
			productName = "Lesson 4 Table View Emoji Dictionary";
			productReference = 931F3FA71EC6F38600E95A99 /* Lesson 4 Table View Emoji Dictionary.app */;
			productType = "com.apple.product-type.application";
		};
/* End PBXNativeTarget section */

/* Begin PBXProject section */
		931F3F9F1EC6F38500E95A99 /* Project object */ = {
			isa = PBXProject;
			attributes = {
				LastSwiftUpdateCheck = 0830;
				LastUpgradeCheck = 0830;
				ORGANIZATIONNAME = KO;
				TargetAttributes = {
					931F3FA61EC6F38600E95A99 = {
						CreatedOnToolsVersion = 8.3.2;
						ProvisioningStyle = Automatic;
					};
				};
			};
			buildConfigurationList = 931F3FA21EC6F38500E95A99 /* Build configuration list for PBXProject "Lesson 4 Table View Emoji Dictionary" */;
			compatibilityVersion = "Xcode 3.2";
			developmentRegion = English;
			hasScannedForEncodings = 0;
			knownRegions = (
				en,
				Base,
			);
			mainGroup = 931F3F9E1EC6F38500E95A99;
			productRefGroup = 931F3FA81EC6F38600E95A99 /* Products */;
			projectDirPath = "";
			projectRoot = "";
			targets = (
				931F3FA61EC6F38600E95A99 /* Lesson 4 Table View Emoji Dictionary */,
			);
		};
/* End PBXProject section */

/* Begin PBXResourcesBuildPhase section */
		931F3FA51EC6F38600E95A99 /* Resources */ = {
			isa = PBXResourcesBuildPhase;
			buildActionMask = 2147483647;
			files = (
				931F3FB51EC6F38600E95A99 /* LaunchScreen.storyboard in Resources */,
				931F3FB21EC6F38600E95A99 /* Assets.xcassets in Resources */,
				931F3FB01EC6F38600E95A99 /* Main.storyboard in Resources */,
			);
			runOnlyForDeploymentPostprocessing = 0;
		};
/* End PBXResourcesBuildPhase section */

/* Begin PBXSourcesBuildPhase section */
		931F3FA31EC6F38600E95A99 /* Sources */ = {
			isa = PBXSourcesBuildPhase;
			buildActionMask = 2147483647;
			files = (
				931F3FC11EC852E500E95A99 /* Emoji Dictionary with Class.swift in Sources */,
				931F3FAD1EC6F38600E95A99 /* ViewController.swift in Sources */,
				931F3FBD1EC71F4300E95A99 /* DefinitionViewController.swift in Sources */,
				931F3FAB1EC6F38600E95A99 /* AppDelegate.swift in Sources */,
			);
			runOnlyForDeploymentPostprocessing = 0;
		};
/* End PBXSourcesBuildPhase section */

/* Begin PBXVariantGroup section */
		931F3FAE1EC6F38600E95A99 /* Main.storyboard */ = {
			isa = PBXVariantGroup;
			children = (
				931F3FAF1EC6F38600E95A99 /* Base */,
			);
			name = Main.storyboard;
			sourceTree = "<group>";
		};
		931F3FB31EC6F38600E95A99 /* LaunchScreen.storyboard */ = {
			isa = PBXVariantGroup;
			children = (
				931F3FB41EC6F38600E95A99 /* Base */,
			);
			name = LaunchScreen.storyboard;
			sourceTree = "<group>";
		};
/* End PBXVariantGroup section */

/* Begin XCBuildConfiguration section */
		931F3FB71EC6F38600E95A99 /* Debug */ = {
			isa = XCBuildConfiguration;
			buildSettings = {
				ALWAYS_SEARCH_USER_PATHS = NO;
				CLANG_ANALYZER_NONNULL = YES;
				CLANG_ANALYZER_NUMBER_OBJECT_CONVERSION = YES_AGGRESSIVE;
				CLANG_CXX_LANGUAGE_STANDARD = "gnu++0x";
				CLANG_CXX_LIBRARY = "libc++";
				CLANG_ENABLE_MODULES = YES;
				CLANG_ENABLE_OBJC_ARC = YES;
				CLANG_WARN_BOOL_CONVERSION = YES;
				CLANG_WARN_CONSTANT_CONVERSION = YES;
				CLANG_WARN_DIRECT_OBJC_ISA_USAGE = YES_ERROR;
				CLANG_WARN_DOCUMENTATION_COMMENTS = YES;
				CLANG_WARN_EMPTY_BODY = YES;
				CLANG_WARN_ENUM_CONVERSION = YES;
				CLANG_WARN_INFINITE_RECURSION = YES;
				CLANG_WARN_INT_CONVERSION = YES;
				CLANG_WARN_OBJC_ROOT_CLASS = YES_ERROR;
				CLANG_WARN_SUSPICIOUS_MOVE = YES;
				CLANG_WARN_UNREACHABLE_CODE = YES;
				CLANG_WARN__DUPLICATE_METHOD_MATCH = YES;
				"CODE_SIGN_IDENTITY[sdk=iphoneos*]" = "iPhone Developer";
				COPY_PHASE_STRIP = NO;
				DEBUG_INFORMATION_FORMAT = dwarf;
				ENABLE_STRICT_OBJC_MSGSEND = YES;
				ENABLE_TESTABILITY = YES;
				GCC_C_LANGUAGE_STANDARD = gnu99;
				GCC_DYNAMIC_NO_PIC = NO;
				GCC_NO_COMMON_BLOCKS = YES;
				GCC_OPTIMIZATION_LEVEL = 0;
				GCC_PREPROCESSOR_DEFINITIONS = (
					"DEBUG=1",
					"$(inherited)",
				);
				GCC_WARN_64_TO_32_BIT_CONVERSION = YES;
				GCC_WARN_ABOUT_RETURN_TYPE = YES_ERROR;
				GCC_WARN_UNDECLARED_SELECTOR = YES;
				GCC_WARN_UNINITIALIZED_AUTOS = YES_AGGRESSIVE;
				GCC_WARN_UNUSED_FUNCTION = YES;
				GCC_WARN_UNUSED_VARIABLE = YES;
				IPHONEOS_DEPLOYMENT_TARGET = 10.3;
				MTL_ENABLE_DEBUG_INFO = YES;
				ONLY_ACTIVE_ARCH = YES;
				SDKROOT = iphoneos;
				SWIFT_ACTIVE_COMPILATION_CONDITIONS = DEBUG;
				SWIFT_OPTIMIZATION_LEVEL = "-Onone";
				TARGETED_DEVICE_FAMILY = "1,2";
			};
			name = Debug;
		};
		931F3FB81EC6F38600E95A99 /* Release */ = {
			isa = XCBuildConfiguration;
			buildSettings = {
				ALWAYS_SEARCH_USER_PATHS = NO;
				CLANG_ANALYZER_NONNULL = YES;
				CLANG_ANALYZER_NUMBER_OBJECT_CONVERSION = YES_AGGRESSIVE;
				CLANG_CXX_LANGUAGE_STANDARD = "gnu++0x";
				CLANG_CXX_LIBRARY = "libc++";
				CLANG_ENABLE_MODULES = YES;
				CLANG_ENABLE_OBJC_ARC = YES;
				CLANG_WARN_BOOL_CONVERSION = YES;
				CLANG_WARN_CONSTANT_CONVERSION = YES;
				CLANG_WARN_DIRECT_OBJC_ISA_USAGE = YES_ERROR;
				CLANG_WARN_DOCUMENTATION_COMMENTS = YES;
				CLANG_WARN_EMPTY_BODY = YES;
				CLANG_WARN_ENUM_CONVERSION = YES;
				CLANG_WARN_INFINITE_RECURSION = YES;
				CLANG_WARN_INT_CONVERSION = YES;
				CLANG_WARN_OBJC_ROOT_CLASS = YES_ERROR;
				CLANG_WARN_SUSPICIOUS_MOVE = YES;
				CLANG_WARN_UNREACHABLE_CODE = YES;
				CLANG_WARN__DUPLICATE_METHOD_MATCH = YES;
				"CODE_SIGN_IDENTITY[sdk=iphoneos*]" = "iPhone Developer";
				COPY_PHASE_STRIP = NO;
				DEBUG_INFORMATION_FORMAT = "dwarf-with-dsym";
				ENABLE_NS_ASSERTIONS = NO;
				ENABLE_STRICT_OBJC_MSGSEND = YES;
				GCC_C_LANGUAGE_STANDARD = gnu99;
				GCC_NO_COMMON_BLOCKS = YES;
				GCC_WARN_64_TO_32_BIT_CONVERSION = YES;
				GCC_WARN_ABOUT_RETURN_TYPE = YES_ERROR;
				GCC_WARN_UNDECLARED_SELECTOR = YES;
				GCC_WARN_UNINITIALIZED_AUTOS = YES_AGGRESSIVE;
				GCC_WARN_UNUSED_FUNCTION = YES;
				GCC_WARN_UNUSED_VARIABLE = YES;
				IPHONEOS_DEPLOYMENT_TARGET = 10.3;
				MTL_ENABLE_DEBUG_INFO = NO;
				SDKROOT = iphoneos;
				SWIFT_OPTIMIZATION_LEVEL = "-Owholemodule";
				TARGETED_DEVICE_FAMILY = "1,2";
				VALIDATE_PRODUCT = YES;
			};
			name = Release;
		};
		931F3FBA1EC6F38600E95A99 /* Debug */ = {
			isa = XCBuildConfiguration;
			buildSettings = {
				ASSETCATALOG_COMPILER_APPICON_NAME = AppIcon;
				INFOPLIST_FILE = "Lesson 4 Table View Emoji Dictionary/Info.plist";
				LD_RUNPATH_SEARCH_PATHS = "$(inherited) @executable_path/Frameworks";
				PRODUCT_BUNDLE_IDENTIFIER = "Frozen-Sandwiches.Lesson-4-Table-View-Emoji-Dictionary";
				PRODUCT_NAME = "$(TARGET_NAME)";
				SWIFT_VERSION = 3.0;
			};
			name = Debug;
		};
		931F3FBB1EC6F38600E95A99 /* Release */ = {
			isa = XCBuildConfiguration;
			buildSettings = {
				ASSETCATALOG_COMPILER_APPICON_NAME = AppIcon;
				INFOPLIST_FILE = "Lesson 4 Table View Emoji Dictionary/Info.plist";
				LD_RUNPATH_SEARCH_PATHS = "$(inherited) @executable_path/Frameworks";
				PRODUCT_BUNDLE_IDENTIFIER = "Frozen-Sandwiches.Lesson-4-Table-View-Emoji-Dictionary";
				PRODUCT_NAME = "$(TARGET_NAME)";
				SWIFT_VERSION = 3.0;
			};
			name = Release;
		};
/* End XCBuildConfiguration section */

/* Begin XCConfigurationList section */
		931F3FA21EC6F38500E95A99 /* Build configuration list for PBXProject "Lesson 4 Table View Emoji Dictionary" */ = {
			isa = XCConfigurationList;
			buildConfigurations = (
				931F3FB71EC6F38600E95A99 /* Debug */,
				931F3FB81EC6F38600E95A99 /* Release */,
			);
			defaultConfigurationIsVisible = 0;
			defaultConfigurationName = Release;
		};
		931F3FB91EC6F38600E95A99 /* Build configuration list for PBXNativeTarget "Lesson 4 Table View Emoji Dictionary" */ = {
			isa = XCConfigurationList;
			buildConfigurations = (
				931F3FBA1EC6F38600E95A99 /* Debug */,
				931F3FBB1EC6F38600E95A99 /* Release */,
			);
			defaultConfigurationIsVisible = 0;
			defaultConfigurationName = Release;
		};
/* End XCConfigurationList section */
	};
	rootObject = 931F3F9F1EC6F38500E95A99 /* Project object */;
}
